
Microsoft Visual Studio Solution File, Format Version 12.00
# Visual Studio Version 17
VisualStudioVersion = 17.11.35222.181
MinimumVisualStudioVersion = 10.0.40219.1
Project("{FAE04EC0-301F-11D3-BF4B-00C04F79EFBC}") = "ExceptionHandling", "ExceptionHandling\ExceptionHandling.csproj", "{4E5AFD1C-FD27-4840-86F1-50CBB26F2634}"
EndProject
Global
	GlobalSection(SolutionConfigurationPlatforms) = preSolution
		Debug|Any CPU = Debug|Any CPU
		Release|Any CPU = Release|Any CPU
	EndGlobalSection
	GlobalSection(ProjectConfigurationPlatforms) = postSolution
		{4E5AFD1C-FD27-4840-86F1-50CBB26F2634}.Debug|Any CPU.ActiveCfg = Debug|Any CPU
		{4E5AFD1C-FD27-4840-86F1-50CBB26F2634}.Debug|Any CPU.Build.0 = Debug|Any CPU
		{4E5AFD1C-FD27-4840-86F1-50CBB26F2634}.Release|Any CPU.ActiveCfg = Release|Any CPU
		{4E5AFD1C-FD27-4840-86F1-50CBB26F2634}.Release|Any CPU.Build.0 = Release|Any CPU
	EndGlobalSection
	GlobalSection(SolutionProperties) = preSolution
		HideSolutionNode = FALSE
	EndGlobalSection
	GlobalSection(ExtensibilityGlobals) = postSolution
		SolutionGuid = {EF3AB8A6-3831-4B6B-B2BD-9C77ADA73866}
	EndGlobalSection
EndGlobal
